<?xml version="1.0" encoding="utf-8"?>
<Project ToolsVersion="4.0" xmlns="http://schemas.microsoft.com/developer/msbuild/2003">
  <ItemGroup>
    <Filter Include="Source Files">
      <UniqueIdentifier>{4FC737F1-C7A5-4376-A066-2A32D752A2FF}</UniqueIdentifier>
      <Extensions>cpp;c;cc;cxx;def;odl;idl;hpj;bat;asm;asmx</Extensions>
    </Filter>
    <Filter Include="Header Files">
      <UniqueIdentifier>{93995380-89BD-4b04-88EB-625FBE52EBFB}</UniqueIdentifier>
      <Extensions>h;hh;hpp;hxx;hm;inl;inc;xsd</Extensions>
    </Filter>
    <Filter Include="Resource Files">
      <UniqueIdentifier>{67DA6AB6-F800-4c08-8B7A-83BB121AAD01}</UniqueIdentifier>
      <Extensions>rc;ico;cur;bmp;dlg;rc2;rct;bin;rgs;gif;jpg;jpeg;jpe;resx;tiff;tif;png;wav;mfcribbon-ms</Extensions>
    </Filter>
    <Filter Include="Header Files\libs">
      <UniqueIdentifier>{5134bb03-2fc5-4278-89f2-41c2e0537690}</UniqueIdentifier>
    </Filter>
    <Filter Include="Source Files\libs">
      <UniqueIdentifier>{2303ad17-99a9-4d5d-a42d-48d7536b6a2a}</UniqueIdentifier>
    </Filter>
  </ItemGroup>
  <ItemGroup>
    <ClCompile Include="GameEngine.cpp">
      <Filter>Source Files</Filter>
    </ClCompile>
    <ClCompile Include="GraphicsEngine.cpp">
      <Filter>Source Files</Filter>
    </ClCompile>
    <ClCompile Include="Main.cpp">
      <Filter>Source Files</Filter>
    </ClCompile>
    <ClCompile Include="libs\ShaderManager.cpp">
      <Filter>Source Files\libs</Filter>
    </ClCompile>
    <ClCompile Include="libs\Shader.cpp">
      <Filter>Source Files\libs</Filter>
    </ClCompile>
    <ClCompile Include="libs\vecmath.cpp">
      <Filter>Source Files\libs</Filter>
    </ClCompile>
    <ClCompile Include="libs\Timer.cpp">
      <Filter>Source Files\libs</Filter>
    </ClCompile>
    <ClCompile Include="libs\FrameBufferObject.cpp">
      <Filter>Source Files\libs</Filter>
    </ClCompile>
    <ClCompile Include="libs\MaterialLibrary.cpp">
      <Filter>Source Files\libs</Filter>
    </ClCompile>
    <ClCompile Include="libs\ObjectFile.cpp">
      <Filter>Source Files\libs</Filter>
    </ClCompile>
    <ClCompile Include="libs\lodepng.cpp">
      <Filter>Source Files\libs</Filter>
    </ClCompile>
    <ClCompile Include="libs\Bspline.cpp">
      <Filter>Source Files\libs</Filter>
    </ClCompile>
    <ClCompile Include="libs\Material.cpp">
      <Filter>Source Files\libs</Filter>
    </ClCompile>
    <ClCompile Include="libs\Randomizer.cpp">
      <Filter>Source Files\libs</Filter>
    </ClCompile>
    <ClCompile Include="libs\Logger.cpp">
      <Filter>Source Files\libs</Filter>
    </ClCompile>
    <ClCompile Include="libs\VertexArrayObject.cpp">
      <Filter>Source Files\libs</Filter>
    </ClCompile>
    <ClCompile Include="libs\VertexBufferObject.cpp">
      <Filter>Source Files\libs</Filter>
    </ClCompile>
    <ClCompile Include="libs\Face.cpp">
      <Filter>Source Files\libs</Filter>
    </ClCompile>
  </ItemGroup>
  <ItemGroup>
    <ClInclude Include="GameEngine.h">
      <Filter>Header Files</Filter>
    </ClInclude>
    <ClInclude Include="GraphicsEngine.h">
      <Filter>Header Files</Filter>
    </ClInclude>
    <ClInclude Include="libs\Shader.h">
      <Filter>Header Files\libs</Filter>
    </ClInclude>
    <ClInclude Include="libs\ShaderManager.h">
      <Filter>Header Files\libs</Filter>
    </ClInclude>
    <ClInclude Include="libs\vecmath.h">
      <Filter>Header Files\libs</Filter>
    </ClInclude>
    <ClInclude Include="libs\Timer.h">
      <Filter>Header Files\libs</Filter>
    </ClInclude>
    <ClInclude Include="libs\Material.h">
      <Filter>Header Files\libs</Filter>
    </ClInclude>
    <ClInclude Include="libs\ObjectFile.h">
      <Filter>Header Files\libs</Filter>
    </ClInclude>
    <ClInclude Include="libs\FrameBufferObject.h">
      <Filter>Header Files\libs</Filter>
    </ClInclude>
    <ClInclude Include="libs\types.h">
      <Filter>Header Files\libs</Filter>
    </ClInclude>
    <ClInclude Include="libs\Bspline.h">
      <Filter>Header Files\libs</Filter>
    </ClInclude>
    <ClInclude Include="libs\MaterialLibrary.h">
      <Filter>Header Files\libs</Filter>
    </ClInclude>
    <ClInclude Include="libs\ObjectFileFace.h">
      <Filter>Header Files\libs</Filter>
    </ClInclude>
    <ClInclude Include="libs\lodepng.h">
      <Filter>Header Files\libs</Filter>
    </ClInclude>
    <ClInclude Include="libs\Randomizer.h">
      <Filter>Header Files\libs</Filter>
    </ClInclude>
    <ClInclude Include="libs\Logger.h">
      <Filter>Header Files\libs</Filter>
    </ClInclude>
    <ClInclude Include="libs\VertexArrayObject.h">
      <Filter>Header Files\libs</Filter>
    </ClInclude>
    <ClInclude Include="libs\VertexBufferObject.h">
      <Filter>Header Files\libs</Filter>
    </ClInclude>
    <ClInclude Include="libs\Face.h">
      <Filter>Header Files\libs</Filter>
    </ClInclude>
  </ItemGroup>
</Project>